
Microsoft Visual Studio Solution File, Format Version 12.00
# Visual Studio Version 17
VisualStudioVersion = 17.0.32014.148
MinimumVisualStudioVersion = 10.0.40219.1
Project("{FAE04EC0-301F-11D3-BF4B-00C04F79EFBC}") = "beskriveAfDatatype", "beskriveAfDatatype\beskriveAfDatatype.csproj", "{0ACBC0E8-3030-4BDE-9916-18816218146A}"
EndProject
Project("{FAE04EC0-301F-11D3-BF4B-00C04F79EFBC}") = "sortingOpgave", "sortingOpgave\sortingOpgave.csproj", "{C0EDE656-32D6-463B-A3F9-91D0349BE483}"
EndProject
Global
	GlobalSection(SolutionConfigurationPlatforms) = preSolution
		Debug|Any CPU = Debug|Any CPU
		Release|Any CPU = Release|Any CPU
	EndGlobalSection
	GlobalSection(ProjectConfigurationPlatforms) = postSolution
		{0ACBC0E8-3030-4BDE-9916-18816218146A}.Debug|Any CPU.ActiveCfg = Debug|Any CPU
		{0ACBC0E8-3030-4BDE-9916-18816218146A}.Debug|Any CPU.Build.0 = Debug|Any CPU
		{0ACBC0E8-3030-4BDE-9916-18816218146A}.Release|Any CPU.ActiveCfg = Release|Any CPU
		{0ACBC0E8-3030-4BDE-9916-18816218146A}.Release|Any CPU.Build.0 = Release|Any CPU
		{C0EDE656-32D6-463B-A3F9-91D0349BE483}.Debug|Any CPU.ActiveCfg = Debug|Any CPU
		{C0EDE656-32D6-463B-A3F9-91D0349BE483}.Debug|Any CPU.Build.0 = Debug|Any CPU
		{C0EDE656-32D6-463B-A3F9-91D0349BE483}.Release|Any CPU.ActiveCfg = Release|Any CPU
		{C0EDE656-32D6-463B-A3F9-91D0349BE483}.Release|Any CPU.Build.0 = Release|Any CPU
	EndGlobalSection
	GlobalSection(SolutionProperties) = preSolution
		HideSolutionNode = FALSE
	EndGlobalSection
	GlobalSection(ExtensibilityGlobals) = postSolution
		SolutionGuid = {4F865B75-4D37-4DC3-A9BA-1998AA145E2B}
	EndGlobalSection
EndGlobal
